PODS:
  - AppAuth (1.7.4):
    - AppAuth/Core (= 1.7.4)
    - AppAuth/ExternalUserAgent (= 1.7.4)
  - AppAuth/Core (1.7.4)
  - AppAuth/ExternalUserAgent (1.7.4):
    - AppAuth/Core
  - flutter_appauth (0.0.1):
    - AppAuth (= 1.7.4)
    - FlutterMacOS
  - FlutterMacOS (1.0.0)

DEPENDENCIES:
  - flutter_appauth (from `Flutter/ephemeral/.symlinks/plugins/flutter_appauth/macos`)
  - FlutterMacOS (from `Flutter/ephemeral`)

SPEC REPOS:
  trunk:
    - AppAuth

EXTERNAL SOURCES:
  flutter_appauth:
    :path: Flutter/ephemeral/.symlinks/plugins/flutter_appauth/macos
  FlutterMacOS:
    :path: Flutter/ephemeral

SPEC CHECKSUMS:
  AppAuth: 182c5b88630569df5acb672720534756c29b3358
  flutter_appauth: 712a012ba667acb296423285ae6425465bafe34a
  FlutterMacOS: 8f6f14fa908a6fb3fba0cd85dbd81ec4b251fb24

PODFILE CHECKSUM: 236401fc2c932af29a9fcf0e97baeeb2d750d367

COCOAPODS: 1.15.2
